
Microsoft Visual Studio Solution File, Format Version 12.00
# Visual Studio Version 16
VisualStudioVersion = 16.0.30406.217
MinimumVisualStudioVersion = 10.0.40219.1
Project("{FAE04EC0-301F-11D3-BF4B-00C04F79EFBC}") = "TDES", "TDES.csproj", "{CED64EE6-7A38-4943-B17B-2E5DCAFE1CC9}"
EndProject
Global
	GlobalSection(SolutionConfigurationPlatforms) = preSolution
		Debug|Any CPU = Debug|Any CPU
		Release|Any CPU = Release|Any CPU
	EndGlobalSection
	GlobalSection(ProjectConfigurationPlatforms) = postSolution
		{CED64EE6-7A38-4943-B17B-2E5DCAFE1CC9}.Debug|Any CPU.ActiveCfg = Debug|Any CPU
		{CED64EE6-7A38-4943-B17B-2E5DCAFE1CC9}.Debug|Any CPU.Build.0 = Debug|Any CPU
		{CED64EE6-7A38-4943-B17B-2E5DCAFE1CC9}.Release|Any CPU.ActiveCfg = Release|Any CPU
		{CED64EE6-7A38-4943-B17B-2E5DCAFE1CC9}.Release|Any CPU.Build.0 = Release|Any CPU
	EndGlobalSection
	GlobalSection(SolutionProperties) = preSolution
		HideSolutionNode = FALSE
	EndGlobalSection
	GlobalSection(ExtensibilityGlobals) = postSolution
		SolutionGuid = {E9D21719-06CD-4C51-A2D6-755503F621B3}
	EndGlobalSection
EndGlobal
